
Microsoft Visual Studio Solution File, Format Version 12.00
# Visual Studio 2012
Project("{FAE04EC0-301F-11D3-BF4B-00C04F79EFBC}") = "Toodeloo.Web.vNext", "..\Toodeloo.Web.vNext\Toodeloo.Web.vNext.csproj", "{4E726015-DD74-4CDB-8C39-2E2A5D9D282F}"
EndProject
Project("{FAE04EC0-301F-11D3-BF4B-00C04F79EFBC}") = "Toodeloo.Web", "..\Toodeloo.Web\Toodeloo.Web.csproj", "{B38FF8EC-DA0D-4C27-AE6D-F1F1AEB272F3}"
EndProject
Global
	GlobalSection(SolutionConfigurationPlatforms) = preSolution
		Debug|Any CPU = Debug|Any CPU
		Release|Any CPU = Release|Any CPU
	EndGlobalSection
	GlobalSection(ProjectConfigurationPlatforms) = postSolution
		{4E726015-DD74-4CDB-8C39-2E2A5D9D282F}.Debug|Any CPU.ActiveCfg = Debug|Any CPU
		{4E726015-DD74-4CDB-8C39-2E2A5D9D282F}.Debug|Any CPU.Build.0 = Debug|Any CPU
		{4E726015-DD74-4CDB-8C39-2E2A5D9D282F}.Release|Any CPU.ActiveCfg = Release|Any CPU
		{4E726015-DD74-4CDB-8C39-2E2A5D9D282F}.Release|Any CPU.Build.0 = Release|Any CPU
		{B38FF8EC-DA0D-4C27-AE6D-F1F1AEB272F3}.Debug|Any CPU.ActiveCfg = Debug|Any CPU
		{B38FF8EC-DA0D-4C27-AE6D-F1F1AEB272F3}.Debug|Any CPU.Build.0 = Debug|Any CPU
		{B38FF8EC-DA0D-4C27-AE6D-F1F1AEB272F3}.Release|Any CPU.ActiveCfg = Release|Any CPU
		{B38FF8EC-DA0D-4C27-AE6D-F1F1AEB272F3}.Release|Any CPU.Build.0 = Release|Any CPU
	EndGlobalSection
	GlobalSection(SolutionProperties) = preSolution
		HideSolutionNode = FALSE
	EndGlobalSection
	GlobalSection(MonoDevelopProperties) = preSolution
		StartupItem = ..\Toodeloo.Web\Toodeloo.Web.csproj
	EndGlobalSection
EndGlobal
